{
  "nodes": {
    "nixos-hardware": {
      "locked": {
        "lastModified": 1733861262,
        "narHash": "sha256-+jjPup/ByS0LEVIrBbt7FnGugJgLeG9oc+ivFASYn2U=",
        "owner": "nixos",
        "repo": "nixos-hardware",
        "rev": "cf737e2eba82b603f54f71b10cb8fd09d22ce3f5",
        "type": "github"
      },
      "original": {
        "owner": "nixos",
        "repo": "nixos-hardware",
        "rev": "cf737e2eba82b603f54f71b10cb8fd09d22ce3f5",
        "type": "github"
      }
    },
    "nixpkgs": {
      "locked": {
        "lastModified": 1734119587,
        "narHash": "sha256-AKU6qqskl0yf2+JdRdD0cfxX4b9x3KKV5RqA6wijmPM=",
        "owner": "nixos",
        "repo": "nixpkgs",
        "rev": "3566ab7246670a43abd2ffa913cc62dad9cdf7d5",
        "type": "github"
      },
      "original": {
        "owner": "nixos",
        "repo": "nixpkgs",
        "rev": "3566ab7246670a43abd2ffa913cc62dad9cdf7d5",
        "type": "github"
      }
    },
    "nixpkgs-unstable": {
      "locked": {
        "lastModified": 1735291276,
        "narHash": "sha256-NYVcA06+blsLG6wpAbSPTCyLvxD/92Hy4vlY9WxFI1M=",
        "owner": "nixos",
        "repo": "nixpkgs",
        "rev": "634fd46801442d760e09493a794c4f15db2d0cbb",
        "type": "github"
      },
      "original": {
        "owner": "nixos",
        "ref": "nixos-unstable",
        "repo": "nixpkgs",
        "type": "github"
      }
    },
    "root": {
      "inputs": {
        "nixos-hardware": "nixos-hardware",
        "nixpkgs": "nixpkgs",
        "nixpkgs-unstable": "nixpkgs-unstable"
      }
    }
  },
  "root": "root",
  "version": 7
}
